Microsoft Visual Studio Solution File, Format Version 12.00
# Visual Studio Version 17
VisualStudioVersion = 17.5.2.0
MinimumVisualStudioVersion = 10.0.40219.1
Project("{FAE04EC0-301F-11D3-BF4B-00C04F79EFBC}") = "TaskApi", "TaskApi\TaskApi.csproj", "{92E7EEE2-2909-28DC-25DD-33558F5B8EE8}"
EndProject
Global
	GlobalSection(SolutionConfigurationPlatforms) = preSolution
		Debug|Any CPU = Debug|Any CPU
		Release|Any CPU = Release|Any CPU
	EndGlobalSection
	GlobalSection(ProjectConfigurationPlatforms) = postSolution
		{92E7EEE2-2909-28DC-25DD-33558F5B8EE8}.Debug|Any CPU.ActiveCfg = Debug|Any CPU
		{92E7EEE2-2909-28DC-25DD-33558F5B8EE8}.Debug|Any CPU.Build.0 = Debug|Any CPU
		{92E7EEE2-2909-28DC-25DD-33558F5B8EE8}.Release|Any CPU.ActiveCfg = Release|Any CPU
		{92E7EEE2-2909-28DC-25DD-33558F5B8EE8}.Release|Any CPU.Build.0 = Release|Any CPU
	EndGlobalSection
	GlobalSection(SolutionProperties) = preSolution
		HideSolutionNode = FALSE
	EndGlobalSection
	GlobalSection(ExtensibilityGlobals) = postSolution
		SolutionGuid = {2803D2EE-B9F1-4374-8B15-1FE196F9F00D}
	EndGlobalSection
EndGlobal
